// !$*UTF8*$!
{
	archiveVersion = 1;
	classes = {
	};
	objectVersion = 54;
	objects = {

/* Begin PBXBuildFile section */
		00E356F31AD99517003FC87E /* Rn_EventTests.m in Sources */ = {isa = PBXBuildFile; fileRef = 00E356F21AD99517003FC87E /* Rn_EventTests.m */; };
		07FDA169AF884241B7DE5CCE /* SimpleLineIcons.ttf in Resources */ = {isa = PBXBuildFile; fileRef = EDBADACE1C934EC8B95AE8F8 /* SimpleLineIcons.ttf */; };
		0B4DEF4CC1DF46BC9B860249 /* Ionicons.ttf in Resources */ = {isa = PBXBuildFile; fileRef = 3560ED58D59B465C82C5EDEB /* Ionicons.ttf */; };
		0C80B921A6F3F58F76C31292 /* libPods-Rn_Event.a in Frameworks */ = {isa = PBXBuildFile; fileRef = 5DCACB8F33CDC322A6C60F78 /* libPods-Rn_Event.a */; };
		13B07FBC1A68108700A75B9A /* AppDelegate.mm in Sources */ = {isa = PBXBuildFile; fileRef = 13B07FB01A68108700A75B9A /* AppDelegate.mm */; };
		13B07FBF1A68108700A75B9A /* Images.xcassets in Resources */ = {isa = PBXBuildFile; fileRef = 13B07FB51A68108700A75B9A /* Images.xcassets */; };
		13B07FC11A68108700A75B9A /* main.m in Sources */ = {isa = PBXBuildFile; fileRef = 13B07FB71A68108700A75B9A /* main.m */; };
		25290B48380E4A778C3297CC /* AntDesign.ttf in Resources */ = {isa = PBXBuildFile; fileRef = F01946C232FE4D43BDE6B552 /* AntDesign.ttf */; };
		3E8BF46C002447239D4F038B /* Feather.ttf in Resources */ = {isa = PBXBuildFile; fileRef = 0D7B4320F0AA4064828984E4 /* Feather.ttf */; };
		452C1B8171904C968814059B /* FontAwesome.ttf in Resources */ = {isa = PBXBuildFile; fileRef = 00CF88C0E1F54AF78AC4A3EC /* FontAwesome.ttf */; };
		484823D07CA74CA7B0C72A26 /* EvilIcons.ttf in Resources */ = {isa = PBXBuildFile; fileRef = 0EB06E1943BF4C32A630C810 /* EvilIcons.ttf */; };
		5130827F997C32C17ABF7E5D /* PrivacyInfo.xcprivacy in Resources */ = {isa = PBXBuildFile; fileRef = 062D1007B4949ABA64FF10A4 /* PrivacyInfo.xcprivacy */; };
		5E3E0787A59D43BA957049AD /* AirbnbCereal_W_XBd.otf in Resources */ = {isa = PBXBuildFile; fileRef = 86614B3D9F8A485DB35F21A3 /* AirbnbCereal_W_XBd.otf */; };
		618FF63B5F00459899552E26 /* AirbnbCereal_W_Bd.otf in Resources */ = {isa = PBXBuildFile; fileRef = C97BC9DD8CF8464980E0EF28 /* AirbnbCereal_W_Bd.otf */; };
		70FD212BF94A4B11BE8BF990 /* Octicons.ttf in Resources */ = {isa = PBXBuildFile; fileRef = F74A85CD52014E54B69C5EE2 /* Octicons.ttf */; };
		7699B88040F8A987B510C191 /* libPods-Rn_Event-Rn_EventTests.a in Frameworks */ = {isa = PBXBuildFile; fileRef = 19F6CBCC0A4E27FBF8BF4A61 /* libPods-Rn_Event-Rn_EventTests.a */; };
		7A7712820152445FAEF6AD2B /* AirbnbCereal_W_Md.otf in Resources */ = {isa = PBXBuildFile; fileRef = AC5E1AFE68BA42D39DFE259B /* AirbnbCereal_W_Md.otf */; };
		81AB9BB82411601600AC10FF /* LaunchScreen.storyboard in Resources */ = {isa = PBXBuildFile; fileRef = 81AB9BB72411601600AC10FF /* LaunchScreen.storyboard */; };
		81F5F3EE74BE442BBAC45324 /* FontAwesome5_Brands.ttf in Resources */ = {isa = PBXBuildFile; fileRef = 374191588B114F298351B699 /* FontAwesome5_Brands.ttf */; };
		9FC26FF6F96C4AC49D7283A2 /* FontAwesome6_Solid.ttf in Resources */ = {isa = PBXBuildFile; fileRef = C6203BE46F4A47ED976048A9 /* FontAwesome6_Solid.ttf */; };
		A0D49D814FB144EE9C96C712 /* AirbnbCereal_W_Lt.otf in Resources */ = {isa = PBXBuildFile; fileRef = 55DF6D4EF9CF49C0B62A18C5 /* AirbnbCereal_W_Lt.otf */; };
		A4A4075BCB6C4B3F86D0668B /* FontAwesome5_Solid.ttf in Resources */ = {isa = PBXBuildFile; fileRef = EF80452AFF54402F854E00A5 /* FontAwesome5_Solid.ttf */; };
		AD0122B7CE694167BEA16D5F /* FontAwesome6_Regular.ttf in Resources */ = {isa = PBXBuildFile; fileRef = 9743E1FEFD62492F9A7942DD /* FontAwesome6_Regular.ttf */; };
		AF4EF5371318456380C6C109 /* Fontisto.ttf in Resources */ = {isa = PBXBuildFile; fileRef = FDC30FED685C49FFA3065271 /* Fontisto.ttf */; };
		AFF0A21C7CC04A01ADB6F8D0 /* AirbnbCereal_W_Bk.otf in Resources */ = {isa = PBXBuildFile; fileRef = E0AB6F2957A34D218472A933 /* AirbnbCereal_W_Bk.otf */; };
		BFF9D0C1A49241D9BAC20B99 /* FontAwesome5_Regular.ttf in Resources */ = {isa = PBXBuildFile; fileRef = 186535AD469C45B9B9C8C49B /* FontAwesome5_Regular.ttf */; };
		DBBBBDD157B34285964FABF1 /* MaterialIcons.ttf in Resources */ = {isa = PBXBuildFile; fileRef = 9533D4A907BF4D80932CCF6B /* MaterialIcons.ttf */; };
		E4C14E7D4460433384A0AD06 /* Zocial.ttf in Resources */ = {isa = PBXBuildFile; fileRef = 63413DED53AE406286C40F96 /* Zocial.ttf */; };
		E98D651D771C49609C8C69F9 /* Foundation.ttf in Resources */ = {isa = PBXBuildFile; fileRef = E765400AE4CD422E98F9275E /* Foundation.ttf */; };
		F1AFC6CECDE841C385929C68 /* AirbnbCereal_W_Blk.otf in Resources */ = {isa = PBXBuildFile; fileRef = E97C0BB3089C4349BB9C8D5C /* AirbnbCereal_W_Blk.otf */; };
		F26E3A7B8C49407CA2A5A655 /* FontAwesome6_Brands.ttf in Resources */ = {isa = PBXBuildFile; fileRef = 7C1FB826C4914D209F067DDF /* FontAwesome6_Brands.ttf */; };
		F5745A36431242C99F80ADB5 /* Entypo.ttf in Resources */ = {isa = PBXBuildFile; fileRef = 13C839E26383431E817BDC21 /* Entypo.ttf */; };
		F7D7C2182FC648FD991367CC /* MaterialCommunityIcons.ttf in Resources */ = {isa = PBXBuildFile; fileRef = 11A2A900C71D4B04AA3DED9E /* MaterialCommunityIcons.ttf */; };
/* End PBXBuildFile section */

/* Begin PBXContainerItemProxy section */
		00E356F41AD99517003FC87E /* PBXContainerItemProxy */ = {
			isa = PBXContainerItemProxy;
			containerPortal = 83CBB9F71A601CBA00E9B192 /* Project object */;
			proxyType = 1;
			remoteGlobalIDString = 13B07F861A680F5B00A75B9A;
			remoteInfo = Rn_Event;
		};
/* End PBXContainerItemProxy section */

/* Begin PBXFileReference section */
		00CF88C0E1F54AF78AC4A3EC /* FontAwesome.ttf */ = {isa = PBXFileReference; explicitFileType = undefined; fileEncoding = undefined; includeInIndex = 0; lastKnownFileType = unknown; name = FontAwesome.ttf; path = ../assets/fonts/FontAwesome.ttf; sourceTree = "<group>"; };
		00E356EE1AD99517003FC87E /* Rn_EventTests.xctest */ = {isa = PBXFileReference; explicitFileType = wrapper.cfbundle; includeInIndex = 0; path = Rn_EventTests.xctest; sourceTree = BUILT_PRODUCTS_DIR; };
		00E356F11AD99517003FC87E /* Info.plist */ = {isa = PBXFileReference; lastKnownFileType = text.plist.xml; path = Info.plist; sourceTree = "<group>"; };
		00E356F21AD99517003FC87E /* Rn_EventTests.m */ = {isa = PBXFileReference; lastKnownFileType = sourcecode.c.objc; path = Rn_EventTests.m; sourceTree = "<group>"; };
		062D1007B4949ABA64FF10A4 /* PrivacyInfo.xcprivacy */ = {isa = PBXFileReference; includeInIndex = 1; name = PrivacyInfo.xcprivacy; path = Rn_Event/PrivacyInfo.xcprivacy; sourceTree = "<group>"; };
		0D7B4320F0AA4064828984E4 /* Feather.ttf */ = {isa = PBXFileReference; explicitFileType = undefined; fileEncoding = undefined; includeInIndex = 0; lastKnownFileType = unknown; name = Feather.ttf; path = ../assets/fonts/Feather.ttf; sourceTree = "<group>"; };
		0EB06E1943BF4C32A630C810 /* EvilIcons.ttf */ = {isa = PBXFileReference; explicitFileType = undefined; fileEncoding = undefined; includeInIndex = 0; lastKnownFileType = unknown; name = EvilIcons.ttf; path = ../assets/fonts/EvilIcons.ttf; sourceTree = "<group>"; };
		11A2A900C71D4B04AA3DED9E /* MaterialCommunityIcons.ttf */ = {isa = PBXFileReference; explicitFileType = undefined; fileEncoding = undefined; includeInIndex = 0; lastKnownFileType = unknown; name = MaterialCommunityIcons.ttf; path = ../assets/fonts/MaterialCommunityIcons.ttf; sourceTree = "<group>"; };
		13B07F961A680F5B00A75B9A /* Rn_Event.app */ = {isa = PBXFileReference; explicitFileType = wrapper.application; includeInIndex = 0; path = Rn_Event.app; sourceTree = BUILT_PRODUCTS_DIR; };
		13B07FAF1A68108700A75B9A /* AppDelegate.h */ = {isa = PBXFileReference; fileEncoding = 4; lastKnownFileType = sourcecode.c.h; name = AppDelegate.h; path = Rn_Event/AppDelegate.h; sourceTree = "<group>"; };
		13B07FB01A68108700A75B9A /* AppDelegate.mm */ = {isa = PBXFileReference; fileEncoding = 4; lastKnownFileType = sourcecode.cpp.objcpp; name = AppDelegate.mm; path = Rn_Event/AppDelegate.mm; sourceTree = "<group>"; };
		13B07FB51A68108700A75B9A /* Images.xcassets */ = {isa = PBXFileReference; lastKnownFileType = folder.assetcatalog; name = Images.xcassets; path = Rn_Event/Images.xcassets; sourceTree = "<group>"; };
		13B07FB61A68108700A75B9A /* Info.plist */ = {isa = PBXFileReference; fileEncoding = 4; lastKnownFileType = text.plist.xml; name = Info.plist; path = Rn_Event/Info.plist; sourceTree = "<group>"; };
		13B07FB71A68108700A75B9A /* main.m */ = {isa = PBXFileReference; fileEncoding = 4; lastKnownFileType = sourcecode.c.objc; name = main.m; path = Rn_Event/main.m; sourceTree = "<group>"; };
		13B07FB81A68108700A75B9A /* PrivacyInfo.xcprivacy */ = {isa = PBXFileReference; fileEncoding = 4; lastKnownFileType = text.plist.xml; name = PrivacyInfo.xcprivacy; path = Rn_Event/PrivacyInfo.xcprivacy; sourceTree = "<group>"; };
		13C839E26383431E817BDC21 /* Entypo.ttf */ = {isa = PBXFileReference; explicitFileType = undefined; fileEncoding = undefined; includeInIndex = 0; lastKnownFileType = unknown; name = Entypo.ttf; path = ../assets/fonts/Entypo.ttf; sourceTree = "<group>"; };
		186535AD469C45B9B9C8C49B /* FontAwesome5_Regular.ttf */ = {isa = PBXFileReference; explicitFileType = undefined; fileEncoding = undefined; includeInIndex = 0; lastKnownFileType = unknown; name = FontAwesome5_Regular.ttf; path = ../assets/fonts/FontAwesome5_Regular.ttf; sourceTree = "<group>"; };
		19F6CBCC0A4E27FBF8BF4A61 /* libPods-Rn_Event-Rn_EventTests.a */ = {isa = PBXFileReference; explicitFileType = archive.ar; includeInIndex = 0; path = "libPods-Rn_Event-Rn_EventTests.a"; sourceTree = BUILT_PRODUCTS_DIR; };
		3560ED58D59B465C82C5EDEB /* Ionicons.ttf */ = {isa = PBXFileReference; explicitFileType = undefined; fileEncoding = undefined; includeInIndex = 0; lastKnownFileType = unknown; name = Ionicons.ttf; path = ../assets/fonts/Ionicons.ttf; sourceTree = "<group>"; };
		374191588B114F298351B699 /* FontAwesome5_Brands.ttf */ = {isa = PBXFileReference; explicitFileType = undefined; fileEncoding = undefined; includeInIndex = 0; lastKnownFileType = unknown; name = FontAwesome5_Brands.ttf; path = ../assets/fonts/FontAwesome5_Brands.ttf; sourceTree = "<group>"; };
		3B4392A12AC88292D35C810B /* Pods-Rn_Event.debug.xcconfig */ = {isa = PBXFileReference; includeInIndex = 1; lastKnownFileType = text.xcconfig; name = "Pods-Rn_Event.debug.xcconfig"; path = "Target Support Files/Pods-Rn_Event/Pods-Rn_Event.debug.xcconfig"; sourceTree = "<group>"; };
		55DF6D4EF9CF49C0B62A18C5 /* AirbnbCereal_W_Lt.otf */ = {isa = PBXFileReference; explicitFileType = undefined; fileEncoding = undefined; includeInIndex = 0; lastKnownFileType = unknown; name = AirbnbCereal_W_Lt.otf; path = ../assets/fonts/AirbnbCereal_W_Lt.otf; sourceTree = "<group>"; };
		5709B34CF0A7D63546082F79 /* Pods-Rn_Event.release.xcconfig */ = {isa = PBXFileReference; includeInIndex = 1; lastKnownFileType = text.xcconfig; name = "Pods-Rn_Event.release.xcconfig"; path = "Target Support Files/Pods-Rn_Event/Pods-Rn_Event.release.xcconfig"; sourceTree = "<group>"; };
		5B7EB9410499542E8C5724F5 /* Pods-Rn_Event-Rn_EventTests.debug.xcconfig */ = {isa = PBXFileReference; includeInIndex = 1; lastKnownFileType = text.xcconfig; name = "Pods-Rn_Event-Rn_EventTests.debug.xcconfig"; path = "Target Support Files/Pods-Rn_Event-Rn_EventTests/Pods-Rn_Event-Rn_EventTests.debug.xcconfig"; sourceTree = "<group>"; };
		5DCACB8F33CDC322A6C60F78 /* libPods-Rn_Event.a */ = {isa = PBXFileReference; explicitFileType = archive.ar; includeInIndex = 0; path = "libPods-Rn_Event.a"; sourceTree = BUILT_PRODUCTS_DIR; };
		63413DED53AE406286C40F96 /* Zocial.ttf */ = {isa = PBXFileReference; explicitFileType = undefined; fileEncoding = undefined; includeInIndex = 0; lastKnownFileType = unknown; name = Zocial.ttf; path = ../assets/fonts/Zocial.ttf; sourceTree = "<group>"; };
		7C1FB826C4914D209F067DDF /* FontAwesome6_Brands.ttf */ = {isa = PBXFileReference; explicitFileType = undefined; fileEncoding = undefined; includeInIndex = 0; lastKnownFileType = unknown; name = FontAwesome6_Brands.ttf; path = ../assets/fonts/FontAwesome6_Brands.ttf; sourceTree = "<group>"; };
		81AB9BB72411601600AC10FF /* LaunchScreen.storyboard */ = {isa = PBXFileReference; fileEncoding = 4; lastKnownFileType = file.storyboard; name = LaunchScreen.storyboard; path = Rn_Event/LaunchScreen.storyboard; sourceTree = "<group>"; };
		86614B3D9F8A485DB35F21A3 /* AirbnbCereal_W_XBd.otf */ = {isa = PBXFileReference; explicitFileType = undefined; fileEncoding = undefined; includeInIndex = 0; lastKnownFileType = unknown; name = AirbnbCereal_W_XBd.otf; path = ../assets/fonts/AirbnbCereal_W_XBd.otf; sourceTree = "<group>"; };
		89C6BE57DB24E9ADA2F236DE /* Pods-Rn_Event-Rn_EventTests.release.xcconfig */ = {isa = PBXFileReference; includeInIndex = 1; lastKnownFileType = text.xcconfig; name = "Pods-Rn_Event-Rn_EventTests.release.xcconfig"; path = "Target Support Files/Pods-Rn_Event-Rn_EventTests/Pods-Rn_Event-Rn_EventTests.release.xcconfig"; sourceTree = "<group>"; };
		9533D4A907BF4D80932CCF6B /* MaterialIcons.ttf */ = {isa = PBXFileReference; explicitFileType = undefined; fileEncoding = undefined; includeInIndex = 0; lastKnownFileType = unknown; name = MaterialIcons.ttf; path = ../assets/fonts/MaterialIcons.ttf; sourceTree = "<group>"; };
		9743E1FEFD62492F9A7942DD /* FontAwesome6_Regular.ttf */ = {isa = PBXFileReference; explicitFileType = undefined; fileEncoding = undefined; includeInIndex = 0; lastKnownFileType = unknown; name = FontAwesome6_Regular.ttf; path = ../assets/fonts/FontAwesome6_Regular.ttf; sourceTree = "<group>"; };
		AC5E1AFE68BA42D39DFE259B /* AirbnbCereal_W_Md.otf */ = {isa = PBXFileReference; explicitFileType = undefined; fileEncoding = undefined; includeInIndex = 0; lastKnownFileType = unknown; name = AirbnbCereal_W_Md.otf; path = ../assets/fonts/AirbnbCereal_W_Md.otf; sourceTree = "<group>"; };
		C6203BE46F4A47ED976048A9 /* FontAwesome6_Solid.ttf */ = {isa = PBXFileReference; explicitFileType = undefined; fileEncoding = undefined; includeInIndex = 0; lastKnownFileType = unknown; name = FontAwesome6_Solid.ttf; path = ../assets/fonts/FontAwesome6_Solid.ttf; sourceTree = "<group>"; };
		C97BC9DD8CF8464980E0EF28 /* AirbnbCereal_W_Bd.otf */ = {isa = PBXFileReference; explicitFileType = undefined; fileEncoding = undefined; includeInIndex = 0; lastKnownFileType = unknown; name = AirbnbCereal_W_Bd.otf; path = ../assets/fonts/AirbnbCereal_W_Bd.otf; sourceTree = "<group>"; };
		E0AB6F2957A34D218472A933 /* AirbnbCereal_W_Bk.otf */ = {isa = PBXFileReference; explicitFileType = undefined; fileEncoding = undefined; includeInIndex = 0; lastKnownFileType = unknown; name = AirbnbCereal_W_Bk.otf; path = ../assets/fonts/AirbnbCereal_W_Bk.otf; sourceTree = "<group>"; };
		E765400AE4CD422E98F9275E /* Foundation.ttf */ = {isa = PBXFileReference; explicitFileType = undefined; fileEncoding = undefined; includeInIndex = 0; lastKnownFileType = unknown; name = Foundation.ttf; path = ../assets/fonts/Foundation.ttf; sourceTree = "<group>"; };
		E97C0BB3089C4349BB9C8D5C /* AirbnbCereal_W_Blk.otf */ = {isa = PBXFileReference; explicitFileType = undefined; fileEncoding = undefined; includeInIndex = 0; lastKnownFileType = unknown; name = AirbnbCereal_W_Blk.otf; path = ../assets/fonts/AirbnbCereal_W_Blk.otf; sourceTree = "<group>"; };
		ED297162215061F000B7C4FE /* JavaScriptCore.framework */ = {isa = PBXFileReference; lastKnownFileType = wrapper.framework; name = JavaScriptCore.framework; path = System/Library/Frameworks/JavaScriptCore.framework; sourceTree = SDKROOT; };
		EDBADACE1C934EC8B95AE8F8 /* SimpleLineIcons.ttf */ = {isa = PBXFileReference; explicitFileType = undefined; fileEncoding = undefined; includeInIndex = 0; lastKnownFileType = unknown; name = SimpleLineIcons.ttf; path = ../assets/fonts/SimpleLineIcons.ttf; sourceTree = "<group>"; };
		EF80452AFF54402F854E00A5 /* FontAwesome5_Solid.ttf */ = {isa = PBXFileReference; explicitFileType = undefined; fileEncoding = undefined; includeInIndex = 0; lastKnownFileType = unknown; name = FontAwesome5_Solid.ttf; path = ../assets/fonts/FontAwesome5_Solid.ttf; sourceTree = "<group>"; };
		F01946C232FE4D43BDE6B552 /* AntDesign.ttf */ = {isa = PBXFileReference; explicitFileType = undefined; fileEncoding = undefined; includeInIndex = 0; lastKnownFileType = unknown; name = AntDesign.ttf; path = ../assets/fonts/AntDesign.ttf; sourceTree = "<group>"; };
		F74A85CD52014E54B69C5EE2 /* Octicons.ttf */ = {isa = PBXFileReference; explicitFileType = undefined; fileEncoding = undefined; includeInIndex = 0; lastKnownFileType = unknown; name = Octicons.ttf; path = ../assets/fonts/Octicons.ttf; sourceTree = "<group>"; };
		FDC30FED685C49FFA3065271 /* Fontisto.ttf */ = {isa = PBXFileReference; explicitFileType = undefined; fileEncoding = undefined; includeInIndex = 0; lastKnownFileType = unknown; name = Fontisto.ttf; path = ../assets/fonts/Fontisto.ttf; sourceTree = "<group>"; };
/* End PBXFileReference section */

/* Begin PBXFrameworksBuildPhase section */
		00E356EB1AD99517003FC87E /* Frameworks */ = {
			isa = PBXFrameworksBuildPhase;
			buildActionMask = 2147483647;
			files = (
				7699B88040F8A987B510C191 /* libPods-Rn_Event-Rn_EventTests.a in Frameworks */,
			);
			runOnlyForDeploymentPostprocessing = 0;
		};
		13B07F8C1A680F5B00A75B9A /* Frameworks */ = {
			isa = PBXFrameworksBuildPhase;
			buildActionMask = 2147483647;
			files = (
				0C80B921A6F3F58F76C31292 /* libPods-Rn_Event.a in Frameworks */,
			);
			runOnlyForDeploymentPostprocessing = 0;
		};
/* End PBXFrameworksBuildPhase section */

/* Begin PBXGroup section */
		00E356EF1AD99517003FC87E /* Rn_EventTests */ = {
			isa = PBXGroup;
			children = (
				00E356F21AD99517003FC87E /* Rn_EventTests.m */,
				00E356F01AD99517003FC87E /* Supporting Files */,
			);
			path = Rn_EventTests;
			sourceTree = "<group>";
		};
		00E356F01AD99517003FC87E /* Supporting Files */ = {
			isa = PBXGroup;
			children = (
				00E356F11AD99517003FC87E /* Info.plist */,
			);
			name = "Supporting Files";
			sourceTree = "<group>";
		};
		13B07FAE1A68108700A75B9A /* Rn_Event */ = {
			isa = PBXGroup;
			children = (
				13B07FAF1A68108700A75B9A /* AppDelegate.h */,
				13B07FB01A68108700A75B9A /* AppDelegate.mm */,
				13B07FB51A68108700A75B9A /* Images.xcassets */,
				13B07FB61A68108700A75B9A /* Info.plist */,
				81AB9BB72411601600AC10FF /* LaunchScreen.storyboard */,
				13B07FB71A68108700A75B9A /* main.m */,
				13B07FB81A68108700A75B9A /* PrivacyInfo.xcprivacy */,
				062D1007B4949ABA64FF10A4 /* PrivacyInfo.xcprivacy */,
			);
			name = Rn_Event;
			sourceTree = "<group>";
		};
		2D16E6871FA4F8E400B85C8A /* Frameworks */ = {
			isa = PBXGroup;
			children = (
				ED297162215061F000B7C4FE /* JavaScriptCore.framework */,
				5DCACB8F33CDC322A6C60F78 /* libPods-Rn_Event.a */,
				19F6CBCC0A4E27FBF8BF4A61 /* libPods-Rn_Event-Rn_EventTests.a */,
			);
			name = Frameworks;
			sourceTree = "<group>";
		};
		832341AE1AAA6A7D00B99B32 /* Libraries */ = {
			isa = PBXGroup;
			children = (
			);
			name = Libraries;
			sourceTree = "<group>";
		};
		83CBB9F61A601CBA00E9B192 = {
			isa = PBXGroup;
			children = (
				13B07FAE1A68108700A75B9A /* Rn_Event */,
				832341AE1AAA6A7D00B99B32 /* Libraries */,
				00E356EF1AD99517003FC87E /* Rn_EventTests */,
				83CBBA001A601CBA00E9B192 /* Products */,
				2D16E6871FA4F8E400B85C8A /* Frameworks */,
				BBD78D7AC51CEA395F1C20DB /* Pods */,
				A39B83CB3CC94F228E9B4D1B /* Resources */,
			);
			indentWidth = 2;
			sourceTree = "<group>";
			tabWidth = 2;
			usesTabs = 0;
		};
		83CBBA001A601CBA00E9B192 /* Products */ = {
			isa = PBXGroup;
			children = (
				13B07F961A680F5B00A75B9A /* Rn_Event.app */,
				00E356EE1AD99517003FC87E /* Rn_EventTests.xctest */,
			);
			name = Products;
			sourceTree = "<group>";
		};
		A39B83CB3CC94F228E9B4D1B /* Resources */ = {
			isa = PBXGroup;
			children = (
				C97BC9DD8CF8464980E0EF28 /* AirbnbCereal_W_Bd.otf */,
				E0AB6F2957A34D218472A933 /* AirbnbCereal_W_Bk.otf */,
				E97C0BB3089C4349BB9C8D5C /* AirbnbCereal_W_Blk.otf */,
				55DF6D4EF9CF49C0B62A18C5 /* AirbnbCereal_W_Lt.otf */,
				AC5E1AFE68BA42D39DFE259B /* AirbnbCereal_W_Md.otf */,
				86614B3D9F8A485DB35F21A3 /* AirbnbCereal_W_XBd.otf */,
				F01946C232FE4D43BDE6B552 /* AntDesign.ttf */,
				13C839E26383431E817BDC21 /* Entypo.ttf */,
				0EB06E1943BF4C32A630C810 /* EvilIcons.ttf */,
				0D7B4320F0AA4064828984E4 /* Feather.ttf */,
				00CF88C0E1F54AF78AC4A3EC /* FontAwesome.ttf */,
				374191588B114F298351B699 /* FontAwesome5_Brands.ttf */,
				186535AD469C45B9B9C8C49B /* FontAwesome5_Regular.ttf */,
				EF80452AFF54402F854E00A5 /* FontAwesome5_Solid.ttf */,
				7C1FB826C4914D209F067DDF /* FontAwesome6_Brands.ttf */,
				9743E1FEFD62492F9A7942DD /* FontAwesome6_Regular.ttf */,
				C6203BE46F4A47ED976048A9 /* FontAwesome6_Solid.ttf */,
				FDC30FED685C49FFA3065271 /* Fontisto.ttf */,
				E765400AE4CD422E98F9275E /* Foundation.ttf */,
				3560ED58D59B465C82C5EDEB /* Ionicons.ttf */,
				11A2A900C71D4B04AA3DED9E /* MaterialCommunityIcons.ttf */,
				9533D4A907BF4D80932CCF6B /* MaterialIcons.ttf */,
				F74A85CD52014E54B69C5EE2 /* Octicons.ttf */,
				EDBADACE1C934EC8B95AE8F8 /* SimpleLineIcons.ttf */,
				63413DED53AE406286C40F96 /* Zocial.ttf */,
			);
			name = Resources;
			path = "";
			sourceTree = "<group>";
		};
		BBD78D7AC51CEA395F1C20DB /* Pods */ = {
			isa = PBXGroup;
			children = (
				3B4392A12AC88292D35C810B /* Pods-Rn_Event.debug.xcconfig */,
				5709B34CF0A7D63546082F79 /* Pods-Rn_Event.release.xcconfig */,
				5B7EB9410499542E8C5724F5 /* Pods-Rn_Event-Rn_EventTests.debug.xcconfig */,
				89C6BE57DB24E9ADA2F236DE /* Pods-Rn_Event-Rn_EventTests.release.xcconfig */,
			);
			path = Pods;
			sourceTree = "<group>";
		};
/* End PBXGroup section */

/* Begin PBXNativeTarget section */
		00E356ED1AD99517003FC87E /* Rn_EventTests */ = {
			isa = PBXNativeTarget;
			buildConfigurationList = 00E357021AD99517003FC87E /* Build configuration list for PBXNativeTarget "Rn_EventTests" */;
			buildPhases = (
				A55EABD7B0C7F3A422A6CC61 /* [CP] Check Pods Manifest.lock */,
				00E356EA1AD99517003FC87E /* Sources */,
				00E356EB1AD99517003FC87E /* Frameworks */,
				00E356EC1AD99517003FC87E /* Resources */,
				C59DA0FBD6956966B86A3779 /* [CP] Embed Pods Frameworks */,
				F6A41C54EA430FDDC6A6ED99 /* [CP] Copy Pods Resources */,
			);
			buildRules = (
			);
			dependencies = (
				00E356F51AD99517003FC87E /* PBXTargetDependency */,
			);
			name = Rn_EventTests;
			productName = Rn_EventTests;
			productReference = 00E356EE1AD99517003FC87E /* Rn_EventTests.xctest */;
			productType = "com.apple.product-type.bundle.unit-test";
		};
		13B07F861A680F5B00A75B9A /* Rn_Event */ = {
			isa = PBXNativeTarget;
			buildConfigurationList = 13B07F931A680F5B00A75B9A /* Build configuration list for PBXNativeTarget "Rn_Event" */;
			buildPhases = (
				C38B50BA6285516D6DCD4F65 /* [CP] Check Pods Manifest.lock */,
				13B07F871A680F5B00A75B9A /* Sources */,
				13B07F8C1A680F5B00A75B9A /* Frameworks */,
				13B07F8E1A680F5B00A75B9A /* Resources */,
				00DD1BFF1BD5951E006B06BC /* Bundle React Native code and images */,
				00EEFC60759A1932668264C0 /* [CP] Embed Pods Frameworks */,
				E235C05ADACE081382539298 /* [CP] Copy Pods Resources */,
			);
			buildRules = (
			);
			dependencies = (
			);
			name = Rn_Event;
			productName = Rn_Event;
			productReference = 13B07F961A680F5B00A75B9A /* Rn_Event.app */;
			productType = "com.apple.product-type.application";
		};
/* End PBXNativeTarget section */

/* Begin PBXProject section */
		83CBB9F71A601CBA00E9B192 /* Project object */ = {
			isa = PBXProject;
			attributes = {
				LastUpgradeCheck = 1210;
				TargetAttributes = {
					00E356ED1AD99517003FC87E = {
						CreatedOnToolsVersion = 6.2;
						TestTargetID = 13B07F861A680F5B00A75B9A;
					};
					13B07F861A680F5B00A75B9A = {
						LastSwiftMigration = 1120;
					};
				};
			};
			buildConfigurationList = 83CBB9FA1A601CBA00E9B192 /* Build configuration list for PBXProject "Rn_Event" */;
			compatibilityVersion = "Xcode 12.0";
			developmentRegion = en;
			hasScannedForEncodings = 0;
			knownRegions = (
				en,
				Base,
			);
			mainGroup = 83CBB9F61A601CBA00E9B192;
			productRefGroup = 83CBBA001A601CBA00E9B192 /* Products */;
			projectDirPath = "";
			projectRoot = "";
			targets = (
				13B07F861A680F5B00A75B9A /* Rn_Event */,
				00E356ED1AD99517003FC87E /* Rn_EventTests */,
			);
		};
/* End PBXProject section */

/* Begin PBXResourcesBuildPhase section */
		00E356EC1AD99517003FC87E /* Resources */ = {
			isa = PBXResourcesBuildPhase;
			buildActionMask = 2147483647;
			files = (
			);
			runOnlyForDeploymentPostprocessing = 0;
		};
		13B07F8E1A680F5B00A75B9A /* Resources */ = {
			isa = PBXResourcesBuildPhase;
			buildActionMask = 2147483647;
			files = (
				81AB9BB82411601600AC10FF /* LaunchScreen.storyboard in Resources */,
				13B07FBF1A68108700A75B9A /* Images.xcassets in Resources */,
				5130827F997C32C17ABF7E5D /* PrivacyInfo.xcprivacy in Resources */,
				618FF63B5F00459899552E26 /* AirbnbCereal_W_Bd.otf in Resources */,
				AFF0A21C7CC04A01ADB6F8D0 /* AirbnbCereal_W_Bk.otf in Resources */,
				F1AFC6CECDE841C385929C68 /* AirbnbCereal_W_Blk.otf in Resources */,
				A0D49D814FB144EE9C96C712 /* AirbnbCereal_W_Lt.otf in Resources */,
				7A7712820152445FAEF6AD2B /* AirbnbCereal_W_Md.otf in Resources */,
				5E3E0787A59D43BA957049AD /* AirbnbCereal_W_XBd.otf in Resources */,
				25290B48380E4A778C3297CC /* AntDesign.ttf in Resources */,
				F5745A36431242C99F80ADB5 /* Entypo.ttf in Resources */,
				484823D07CA74CA7B0C72A26 /* EvilIcons.ttf in Resources */,
				3E8BF46C002447239D4F038B /* Feather.ttf in Resources */,
				452C1B8171904C968814059B /* FontAwesome.ttf in Resources */,
				81F5F3EE74BE442BBAC45324 /* FontAwesome5_Brands.ttf in Resources */,
				BFF9D0C1A49241D9BAC20B99 /* FontAwesome5_Regular.ttf in Resources */,
				A4A4075BCB6C4B3F86D0668B /* FontAwesome5_Solid.ttf in Resources */,
				F26E3A7B8C49407CA2A5A655 /* FontAwesome6_Brands.ttf in Resources */,
				AD0122B7CE694167BEA16D5F /* FontAwesome6_Regular.ttf in Resources */,
				9FC26FF6F96C4AC49D7283A2 /* FontAwesome6_Solid.ttf in Resources */,
				AF4EF5371318456380C6C109 /* Fontisto.ttf in Resources */,
				E98D651D771C49609C8C69F9 /* Foundation.ttf in Resources */,
				0B4DEF4CC1DF46BC9B860249 /* Ionicons.ttf in Resources */,
				F7D7C2182FC648FD991367CC /* MaterialCommunityIcons.ttf in Resources */,
				DBBBBDD157B34285964FABF1 /* MaterialIcons.ttf in Resources */,
				70FD212BF94A4B11BE8BF990 /* Octicons.ttf in Resources */,
				07FDA169AF884241B7DE5CCE /* SimpleLineIcons.ttf in Resources */,
				E4C14E7D4460433384A0AD06 /* Zocial.ttf in Resources */,
			);
			runOnlyForDeploymentPostprocessing = 0;
		};
/* End PBXResourcesBuildPhase section */

/* Begin PBXShellScriptBuildPhase section */
		00DD1BFF1BD5951E006B06BC /* Bundle React Native code and images */ = {
			isa = PBXShellScriptBuildPhase;
			buildActionMask = 2147483647;
			files = (
			);
			inputPaths = (
				"$(SRCROOT)/.xcode.env.local",
				"$(SRCROOT)/.xcode.env",
			);
			name = "Bundle React Native code and images";
			outputPaths = (
			);
			runOnlyForDeploymentPostprocessing = 0;
			shellPath = /bin/sh;
			shellScript = "set -e\n\nWITH_ENVIRONMENT=\"$REACT_NATIVE_PATH/scripts/xcode/with-environment.sh\"\nREACT_NATIVE_XCODE=\"$REACT_NATIVE_PATH/scripts/react-native-xcode.sh\"\n\n/bin/sh -c \"$WITH_ENVIRONMENT $REACT_NATIVE_XCODE\"\n";
		};
		00EEFC60759A1932668264C0 /* [CP] Embed Pods Frameworks */ = {
			isa = PBXShellScriptBuildPhase;
			buildActionMask = 2147483647;
			files = (
			);
			inputFileListPaths = (
				"${PODS_ROOT}/Target Support Files/Pods-Rn_Event/Pods-Rn_Event-frameworks-${CONFIGURATION}-input-files.xcfilelist",
			);
			name = "[CP] Embed Pods Frameworks";
			outputFileListPaths = (
				"${PODS_ROOT}/Target Support Files/Pods-Rn_Event/Pods-Rn_Event-frameworks-${CONFIGURATION}-output-files.xcfilelist",
			);
			runOnlyForDeploymentPostprocessing = 0;
			shellPath = /bin/sh;
			shellScript = "\"${PODS_ROOT}/Target Support Files/Pods-Rn_Event/Pods-Rn_Event-frameworks.sh\"\n";
			showEnvVarsInLog = 0;
		};
		A55EABD7B0C7F3A422A6CC61 /* [CP] Check Pods Manifest.lock */ = {
			isa = PBXShellScriptBuildPhase;
			buildActionMask = 2147483647;
			files = (
			);
			inputFileListPaths = (
			);
			inputPaths = (
				"${PODS_PODFILE_DIR_PATH}/Podfile.lock",
				"${PODS_ROOT}/Manifest.lock",
			);
			name = "[CP] Check Pods Manifest.lock";
			outputFileListPaths = (
			);
			outputPaths = (
				"$(DERIVED_FILE_DIR)/Pods-Rn_Event-Rn_EventTests-checkManifestLockResult.txt",
			);
			runOnlyForDeploymentPostprocessing = 0;
			shellPath = /bin/sh;
			shellScript = "diff \"${PODS_PODFILE_DIR_PATH}/Podfile.lock\" \"${PODS_ROOT}/Manifest.lock\" > /dev/null\nif [ $? != 0 ] ; then\n    # print error to STDERR\n    echo \"error: The sandbox is not in sync with the Podfile.lock. Run 'pod install' or update your CocoaPods installation.\" >&2\n    exit 1\nfi\n# This output is used by Xcode 'outputs' to avoid re-running this script phase.\necho \"SUCCESS\" > \"${SCRIPT_OUTPUT_FILE_0}\"\n";
			showEnvVarsInLog = 0;
		};
		C38B50BA6285516D6DCD4F65 /* [CP] Check Pods Manifest.lock */ = {
			isa = PBXShellScriptBuildPhase;
			buildActionMask = 2147483647;
			files = (
			);
			inputFileListPaths = (
			);
			inputPaths = (
				"${PODS_PODFILE_DIR_PATH}/Podfile.lock",
				"${PODS_ROOT}/Manifest.lock",
			);
			name = "[CP] Check Pods Manifest.lock";
			outputFileListPaths = (
			);
			outputPaths = (
				"$(DERIVED_FILE_DIR)/Pods-Rn_Event-checkManifestLockResult.txt",
			);
			runOnlyForDeploymentPostprocessing = 0;
			shellPath = /bin/sh;
			shellScript = "diff \"${PODS_PODFILE_DIR_PATH}/Podfile.lock\" \"${PODS_ROOT}/Manifest.lock\" > /dev/null\nif [ $? != 0 ] ; then\n    # print error to STDERR\n    echo \"error: The sandbox is not in sync with the Podfile.lock. Run 'pod install' or update your CocoaPods installation.\" >&2\n    exit 1\nfi\n# This output is used by Xcode 'outputs' to avoid re-running this script phase.\necho \"SUCCESS\" > \"${SCRIPT_OUTPUT_FILE_0}\"\n";
			showEnvVarsInLog = 0;
		};
		C59DA0FBD6956966B86A3779 /* [CP] Embed Pods Frameworks */ = {
			isa = PBXShellScriptBuildPhase;
			buildActionMask = 2147483647;
			files = (
			);
			inputFileListPaths = (
				"${PODS_ROOT}/Target Support Files/Pods-Rn_Event-Rn_EventTests/Pods-Rn_Event-Rn_EventTests-frameworks-${CONFIGURATION}-input-files.xcfilelist",
			);
			name = "[CP] Embed Pods Frameworks";
			outputFileListPaths = (
				"${PODS_ROOT}/Target Support Files/Pods-Rn_Event-Rn_EventTests/Pods-Rn_Event-Rn_EventTests-frameworks-${CONFIGURATION}-output-files.xcfilelist",
			);
			runOnlyForDeploymentPostprocessing = 0;
			shellPath = /bin/sh;
			shellScript = "\"${PODS_ROOT}/Target Support Files/Pods-Rn_Event-Rn_EventTests/Pods-Rn_Event-Rn_EventTests-frameworks.sh\"\n";
			showEnvVarsInLog = 0;
		};
		E235C05ADACE081382539298 /* [CP] Copy Pods Resources */ = {
			isa = PBXShellScriptBuildPhase;
			buildActionMask = 2147483647;
			files = (
			);
			inputFileListPaths = (
				"${PODS_ROOT}/Target Support Files/Pods-Rn_Event/Pods-Rn_Event-resources-${CONFIGURATION}-input-files.xcfilelist",
			);
			name = "[CP] Copy Pods Resources";
			outputFileListPaths = (
				"${PODS_ROOT}/Target Support Files/Pods-Rn_Event/Pods-Rn_Event-resources-${CONFIGURATION}-output-files.xcfilelist",
			);
			runOnlyForDeploymentPostprocessing = 0;
			shellPath = /bin/sh;
			shellScript = "\"${PODS_ROOT}/Target Support Files/Pods-Rn_Event/Pods-Rn_Event-resources.sh\"\n";
			showEnvVarsInLog = 0;
		};
		F6A41C54EA430FDDC6A6ED99 /* [CP] Copy Pods Resources */ = {
			isa = PBXShellScriptBuildPhase;
			buildActionMask = 2147483647;
			files = (
			);
			inputFileListPaths = (
				"${PODS_ROOT}/Target Support Files/Pods-Rn_Event-Rn_EventTests/Pods-Rn_Event-Rn_EventTests-resources-${CONFIGURATION}-input-files.xcfilelist",
			);
			name = "[CP] Copy Pods Resources";
			outputFileListPaths = (
				"${PODS_ROOT}/Target Support Files/Pods-Rn_Event-Rn_EventTests/Pods-Rn_Event-Rn_EventTests-resources-${CONFIGURATION}-output-files.xcfilelist",
			);
			runOnlyForDeploymentPostprocessing = 0;
			shellPath = /bin/sh;
			shellScript = "\"${PODS_ROOT}/Target Support Files/Pods-Rn_Event-Rn_EventTests/Pods-Rn_Event-Rn_EventTests-resources.sh\"\n";
			showEnvVarsInLog = 0;
		};
/* End PBXShellScriptBuildPhase section */

/* Begin PBXSourcesBuildPhase section */
		00E356EA1AD99517003FC87E /* Sources */ = {
			isa = PBXSourcesBuildPhase;
			buildActionMask = 2147483647;
			files = (
				00E356F31AD99517003FC87E /* Rn_EventTests.m in Sources */,
			);
			runOnlyForDeploymentPostprocessing = 0;
		};
		13B07F871A680F5B00A75B9A /* Sources */ = {
			isa = PBXSourcesBuildPhase;
			buildActionMask = 2147483647;
			files = (
				13B07FBC1A68108700A75B9A /* AppDelegate.mm in Sources */,
				13B07FC11A68108700A75B9A /* main.m in Sources */,
			);
			runOnlyForDeploymentPostprocessing = 0;
		};
/* End PBXSourcesBuildPhase section */

/* Begin PBXTargetDependency section */
		00E356F51AD99517003FC87E /* PBXTargetDependency */ = {
			isa = PBXTargetDependency;
			target = 13B07F861A680F5B00A75B9A /* Rn_Event */;
			targetProxy = 00E356F41AD99517003FC87E /* PBXContainerItemProxy */;
		};
/* End PBXTargetDependency section */

/* Begin XCBuildConfiguration section */
		00E356F61AD99517003FC87E /* Debug */ = {
			isa = XCBuildConfiguration;
			baseConfigurationReference = 5B7EB9410499542E8C5724F5 /* Pods-Rn_Event-Rn_EventTests.debug.xcconfig */;
			buildSettings = {
				BUNDLE_LOADER = "$(TEST_HOST)";
				GCC_PREPROCESSOR_DEFINITIONS = (
					"DEBUG=1",
					"$(inherited)",
				);
				INFOPLIST_FILE = Rn_EventTests/Info.plist;
				IPHONEOS_DEPLOYMENT_TARGET = 13.4;
				LD_RUNPATH_SEARCH_PATHS = (
					"$(inherited)",
					"@executable_path/Frameworks",
					"@loader_path/Frameworks",
				);
				OTHER_LDFLAGS = (
					"-ObjC",
					"-lc++",
					"$(inherited)",
				);
				PRODUCT_BUNDLE_IDENTIFIER = "org.reactjs.native.example.$(PRODUCT_NAME:rfc1034identifier)";
				PRODUCT_NAME = "$(TARGET_NAME)";
				TEST_HOST = "$(BUILT_PRODUCTS_DIR)/Rn_Event.app/Rn_Event";
			};
			name = Debug;
		};
		00E356F71AD99517003FC87E /* Release */ = {
			isa = XCBuildConfiguration;
			baseConfigurationReference = 89C6BE57DB24E9ADA2F236DE /* Pods-Rn_Event-Rn_EventTests.release.xcconfig */;
			buildSettings = {
				BUNDLE_LOADER = "$(TEST_HOST)";
				COPY_PHASE_STRIP = NO;
				INFOPLIST_FILE = Rn_EventTests/Info.plist;
				IPHONEOS_DEPLOYMENT_TARGET = 13.4;
				LD_RUNPATH_SEARCH_PATHS = (
					"$(inherited)",
					"@executable_path/Frameworks",
					"@loader_path/Frameworks",
				);
				OTHER_LDFLAGS = (
					"-ObjC",
					"-lc++",
					"$(inherited)",
				);
				PRODUCT_BUNDLE_IDENTIFIER = "org.reactjs.native.example.$(PRODUCT_NAME:rfc1034identifier)";
				PRODUCT_NAME = "$(TARGET_NAME)";
				TEST_HOST = "$(BUILT_PRODUCTS_DIR)/Rn_Event.app/Rn_Event";
			};
			name = Release;
		};
		13B07F941A680F5B00A75B9A /* Debug */ = {
			isa = XCBuildConfiguration;
			baseConfigurationReference = 3B4392A12AC88292D35C810B /* Pods-Rn_Event.debug.xcconfig */;
			buildSettings = {
				ASSETCATALOG_COMPILER_APPICON_NAME = AppIcon;
				CLANG_ENABLE_MODULES = YES;
				CURRENT_PROJECT_VERSION = 1;
				ENABLE_BITCODE = NO;
				INFOPLIST_FILE = Rn_Event/Info.plist;
				LD_RUNPATH_SEARCH_PATHS = (
					"$(inherited)",
					"@executable_path/Frameworks",
				);
				MARKETING_VERSION = 1.0;
				OTHER_LDFLAGS = (
					"$(inherited)",
					"-ObjC",
					"-lc++",
				);
				PRODUCT_BUNDLE_IDENTIFIER = "org.reactjs.native.example.$(PRODUCT_NAME:rfc1034identifier)";
				PRODUCT_NAME = Rn_Event;
				SWIFT_OPTIMIZATION_LEVEL = "-Onone";
				SWIFT_VERSION = 5.0;
				VERSIONING_SYSTEM = "apple-generic";
			};
			name = Debug;
		};
		13B07F951A680F5B00A75B9A /* Release */ = {
			isa = XCBuildConfiguration;
			baseConfigurationReference = 5709B34CF0A7D63546082F79 /* Pods-Rn_Event.release.xcconfig */;
			buildSettings = {
				ASSETCATALOG_COMPILER_APPICON_NAME = AppIcon;
				CLANG_ENABLE_MODULES = YES;
				CURRENT_PROJECT_VERSION = 1;
				INFOPLIST_FILE = Rn_Event/Info.plist;
				LD_RUNPATH_SEARCH_PATHS = (
					"$(inherited)",
					"@executable_path/Frameworks",
				);
				MARKETING_VERSION = 1.0;
				OTHER_LDFLAGS = (
					"$(inherited)",
					"-ObjC",
					"-lc++",
				);
				PRODUCT_BUNDLE_IDENTIFIER = "org.reactjs.native.example.$(PRODUCT_NAME:rfc1034identifier)";
				PRODUCT_NAME = Rn_Event;
				SWIFT_VERSION = 5.0;
				VERSIONING_SYSTEM = "apple-generic";
			};
			name = Release;
		};
		83CBBA201A601CBA00E9B192 /* Debug */ = {
			isa = XCBuildConfiguration;
			buildSettings = {
				ALWAYS_SEARCH_USER_PATHS = NO;
				CC = "";
				CLANG_ANALYZER_LOCALIZABILITY_NONLOCALIZED = YES;
				CLANG_CXX_LANGUAGE_STANDARD = "c++20";
				CLANG_CXX_LIBRARY = "libc++";
				CLANG_ENABLE_MODULES = YES;
				CLANG_ENABLE_OBJC_ARC = YES;
				CLANG_WARN_BLOCK_CAPTURE_AUTORELEASING = YES;
				CLANG_WARN_BOOL_CONVERSION = YES;
				CLANG_WARN_COMMA = YES;
				CLANG_WARN_CONSTANT_CONVERSION = YES;
				CLANG_WARN_DEPRECATED_OBJC_IMPLEMENTATIONS = YES;
				CLANG_WARN_DIRECT_OBJC_ISA_USAGE = YES_ERROR;
				CLANG_WARN_EMPTY_BODY = YES;
				CLANG_WARN_ENUM_CONVERSION = YES;
				CLANG_WARN_INFINITE_RECURSION = YES;
				CLANG_WARN_INT_CONVERSION = YES;
				CLANG_WARN_NON_LITERAL_NULL_CONVERSION = YES;
				CLANG_WARN_OBJC_IMPLICIT_RETAIN_SELF = YES;
				CLANG_WARN_OBJC_LITERAL_CONVERSION = YES;
				CLANG_WARN_OBJC_ROOT_CLASS = YES_ERROR;
				CLANG_WARN_QUOTED_INCLUDE_IN_FRAMEWORK_HEADER = YES;
				CLANG_WARN_RANGE_LOOP_ANALYSIS = YES;
				CLANG_WARN_STRICT_PROTOTYPES = YES;
				CLANG_WARN_SUSPICIOUS_MOVE = YES;
				CLANG_WARN_UNREACHABLE_CODE = YES;
				CLANG_WARN__DUPLICATE_METHOD_MATCH = YES;
				"CODE_SIGN_IDENTITY[sdk=iphoneos*]" = "iPhone Developer";
				COPY_PHASE_STRIP = NO;
				CXX = "";
				ENABLE_STRICT_OBJC_MSGSEND = YES;
				ENABLE_TESTABILITY = YES;
				"EXCLUDED_ARCHS[sdk=iphonesimulator*]" = "";
				GCC_C_LANGUAGE_STANDARD = gnu99;
				GCC_DYNAMIC_NO_PIC = NO;
				GCC_NO_COMMON_BLOCKS = YES;
				GCC_OPTIMIZATION_LEVEL = 0;
				GCC_PREPROCESSOR_DEFINITIONS = (
					"DEBUG=1",
					"$(inherited)",
				);
				GCC_SYMBOLS_PRIVATE_EXTERN = NO;
				GCC_WARN_64_TO_32_BIT_CONVERSION = YES;
				GCC_WARN_ABOUT_RETURN_TYPE = YES_ERROR;
				GCC_WARN_UNDECLARED_SELECTOR = YES;
				GCC_WARN_UNINITIALIZED_AUTOS = YES_AGGRESSIVE;
				GCC_WARN_UNUSED_FUNCTION = YES;
				GCC_WARN_UNUSED_VARIABLE = YES;
				IPHONEOS_DEPLOYMENT_TARGET = 13.4;
				LD = "";
				LDPLUSPLUS = "";
				LD_RUNPATH_SEARCH_PATHS = (
					/usr/lib/swift,
					"$(inherited)",
				);
				LIBRARY_SEARCH_PATHS = (
					"\"$(SDKROOT)/usr/lib/swift\"",
					"\"$(TOOLCHAIN_DIR)/usr/lib/swift/$(PLATFORM_NAME)\"",
					"\"$(inherited)\"",
				);
				MTL_ENABLE_DEBUG_INFO = YES;
				ONLY_ACTIVE_ARCH = YES;
				OTHER_CPLUSPLUSFLAGS = (
					"$(OTHER_CFLAGS)",
					"-DFOLLY_NO_CONFIG",
					"-DFOLLY_MOBILE=1",
					"-DFOLLY_USE_LIBCPP=1",
					"-DFOLLY_CFG_NO_COROUTINES=1",
					"-DFOLLY_HAVE_CLOCK_GETTIME=1",
				);
				OTHER_LDFLAGS = (
					"$(inherited)",
					" ",
				);
				REACT_NATIVE_PATH = "${PODS_ROOT}/../../node_modules/react-native";
				SDKROOT = iphoneos;
				USE_HERMES = true;
			};
			name = Debug;
		};
		83CBBA211A601CBA00E9B192 /* Release */ = {
			isa = XCBuildConfiguration;
			buildSettings = {
				ALWAYS_SEARCH_USER_PATHS = NO;
				CC = "";
				CLANG_ANALYZER_LOCALIZABILITY_NONLOCALIZED = YES;
				CLANG_CXX_LANGUAGE_STANDARD = "c++20";
				CLANG_CXX_LIBRARY = "libc++";
				CLANG_ENABLE_MODULES = YES;
				CLANG_ENABLE_OBJC_ARC = YES;
				CLANG_WARN_BLOCK_CAPTURE_AUTORELEASING = YES;
				CLANG_WARN_BOOL_CONVERSION = YES;
				CLANG_WARN_COMMA = YES;
				CLANG_WARN_CONSTANT_CONVERSION = YES;
				CLANG_WARN_DEPRECATED_OBJC_IMPLEMENTATIONS = YES;
				CLANG_WARN_DIRECT_OBJC_ISA_USAGE = YES_ERROR;
				CLANG_WARN_EMPTY_BODY = YES;
				CLANG_WARN_ENUM_CONVERSION = YES;
				CLANG_WARN_INFINITE_RECURSION = YES;
				CLANG_WARN_INT_CONVERSION = YES;
				CLANG_WARN_NON_LITERAL_NULL_CONVERSION = YES;
				CLANG_WARN_OBJC_IMPLICIT_RETAIN_SELF = YES;
				CLANG_WARN_OBJC_LITERAL_CONVERSION = YES;
				CLANG_WARN_OBJC_ROOT_CLASS = YES_ERROR;
				CLANG_WARN_QUOTED_INCLUDE_IN_FRAMEWORK_HEADER = YES;
				CLANG_WARN_RANGE_LOOP_ANALYSIS = YES;
				CLANG_WARN_STRICT_PROTOTYPES = YES;
				CLANG_WARN_SUSPICIOUS_MOVE = YES;
				CLANG_WARN_UNREACHABLE_CODE = YES;
				CLANG_WARN__DUPLICATE_METHOD_MATCH = YES;
				"CODE_SIGN_IDENTITY[sdk=iphoneos*]" = "iPhone Developer";
				COPY_PHASE_STRIP = YES;
				CXX = "";
				ENABLE_NS_ASSERTIONS = NO;
				ENABLE_STRICT_OBJC_MSGSEND = YES;
				"EXCLUDED_ARCHS[sdk=iphonesimulator*]" = "";
				GCC_C_LANGUAGE_STANDARD = gnu99;
				GCC_NO_COMMON_BLOCKS = YES;
				GCC_WARN_64_TO_32_BIT_CONVERSION = YES;
				GCC_WARN_ABOUT_RETURN_TYPE = YES_ERROR;
				GCC_WARN_UNDECLARED_SELECTOR = YES;
				GCC_WARN_UNINITIALIZED_AUTOS = YES_AGGRESSIVE;
				GCC_WARN_UNUSED_FUNCTION = YES;
				GCC_WARN_UNUSED_VARIABLE = YES;
				IPHONEOS_DEPLOYMENT_TARGET = 13.4;
				LD = "";
				LDPLUSPLUS = "";
				LD_RUNPATH_SEARCH_PATHS = (
					/usr/lib/swift,
					"$(inherited)",
				);
				LIBRARY_SEARCH_PATHS = (
					"\"$(SDKROOT)/usr/lib/swift\"",
					"\"$(TOOLCHAIN_DIR)/usr/lib/swift/$(PLATFORM_NAME)\"",
					"\"$(inherited)\"",
				);
				MTL_ENABLE_DEBUG_INFO = NO;
				OTHER_CPLUSPLUSFLAGS = (
					"$(OTHER_CFLAGS)",
					"-DFOLLY_NO_CONFIG",
					"-DFOLLY_MOBILE=1",
					"-DFOLLY_USE_LIBCPP=1",
					"-DFOLLY_CFG_NO_COROUTINES=1",
					"-DFOLLY_HAVE_CLOCK_GETTIME=1",
				);
				OTHER_LDFLAGS = (
					"$(inherited)",
					" ",
				);
				REACT_NATIVE_PATH = "${PODS_ROOT}/../../node_modules/react-native";
				SDKROOT = iphoneos;
				USE_HERMES = true;
				VALIDATE_PRODUCT = YES;
			};
			name = Release;
		};
/* End XCBuildConfiguration section */

/* Begin XCConfigurationList section */
		00E357021AD99517003FC87E /* Build configuration list for PBXNativeTarget "Rn_EventTests" */ = {
			isa = XCConfigurationList;
			buildConfigurations = (
				00E356F61AD99517003FC87E /* Debug */,
				00E356F71AD99517003FC87E /* Release */,
			);
			defaultConfigurationIsVisible = 0;
			defaultConfigurationName = Release;
		};
		13B07F931A680F5B00A75B9A /* Build configuration list for PBXNativeTarget "Rn_Event" */ = {
			isa = XCConfigurationList;
			buildConfigurations = (
				13B07F941A680F5B00A75B9A /* Debug */,
				13B07F951A680F5B00A75B9A /* Release */,
			);
			defaultConfigurationIsVisible = 0;
			defaultConfigurationName = Release;
		};
		83CBB9FA1A601CBA00E9B192 /* Build configuration list for PBXProject "Rn_Event" */ = {
			isa = XCConfigurationList;
			buildConfigurations = (
				83CBBA201A601CBA00E9B192 /* Debug */,
				83CBBA211A601CBA00E9B192 /* Release */,
			);
			defaultConfigurationIsVisible = 0;
			defaultConfigurationName = Release;
		};
/* End XCConfigurationList section */
	};
	rootObject = 83CBB9F71A601CBA00E9B192 /* Project object */;
}
